
Microsoft Visual Studio Solution File, Format Version 12.00
# Visual Studio Version 17
VisualStudioVersion = 17.14.36717.8 d17.14
MinimumVisualStudioVersion = 10.0.40219.1
Project("{FAE04EC0-301F-11D3-BF4B-00C04F79EFBC}") = "SPTDGLab", "SPTDGLab.csproj", "{354B3532-D218-413D-9F22-151B18FD0EB5}"
EndProject
Global
	GlobalSection(SolutionConfigurationPlatforms) = preSolution
		Debug|Any CPU = Debug|Any CPU
		Release|Any CPU = Release|Any CPU
	EndGlobalSection
	GlobalSection(ProjectConfigurationPlatforms) = postSolution
		{354B3532-D218-413D-9F22-151B18FD0EB5}.Debug|Any CPU.ActiveCfg = Debug|Any CPU
		{354B3532-D218-413D-9F22-151B18FD0EB5}.Debug|Any CPU.Build.0 = Debug|Any CPU
		{354B3532-D218-413D-9F22-151B18FD0EB5}.Release|Any CPU.ActiveCfg = Release|Any CPU
		{354B3532-D218-413D-9F22-151B18FD0EB5}.Release|Any CPU.Build.0 = Release|Any CPU
	EndGlobalSection
	GlobalSection(SolutionProperties) = preSolution
		HideSolutionNode = FALSE
	EndGlobalSection
	GlobalSection(ExtensibilityGlobals) = postSolution
		SolutionGuid = {647E12E0-85FD-461B-A807-55979465FF89}
	EndGlobalSection
EndGlobal
